<?xml version="1.0" encoding="utf-8"?>
<Project ToolsVersion="4.0" xmlns="http://schemas.microsoft.com/developer/msbuild/2003">
  <ItemGroup>
    <Filter Include="Source Files">
      <UniqueIdentifier>{4FC737F1-C7A5-4376-A066-2A32D752A2FF}</UniqueIdentifier>
      <Extensions>cpp;c;cc;cxx;c++;cppm;ixx;def;odl;idl;hpj;bat;asm;asmx</Extensions>
    </Filter>
    <Filter Include="Header Files">
      <UniqueIdentifier>{93995380-89BD-4b04-88EB-625FBE52EBFB}</UniqueIdentifier>
      <Extensions>h;hh;hpp;hxx;h++;hm;inl;inc;ipp;xsd</Extensions>
    </Filter>
    <Filter Include="Resource Files">
      <UniqueIdentifier>{67DA6AB6-F800-4c08-8B7A-83BB121AAD01}</UniqueIdentifier>
      <Extensions>rc;ico;cur;bmp;dlg;rc2;rct;bin;rgs;gif;jpg;jpeg;jpe;resx;tiff;tif;png;wav;mfcribbon-ms</Extensions>
    </Filter>
    <Filter Include="Source Files\rom">
      <UniqueIdentifier>{47f90d9b-66b7-4fda-af94-ab604b36f65b}</UniqueIdentifier>
    </Filter>
    <Filter Include="Header Files\rom">
      <UniqueIdentifier>{4eed0971-57d4-4af2-a392-d1c6a3ff258c}</UniqueIdentifier>
    </Filter>
  </ItemGroup>
  <ItemGroup>
    <ClInclude Include="include\jmon\rom\rom.h">
      <Filter>Header Files\rom</Filter>
    </ClInclude>
    <ClInclude Include="include\jmon\rom\color.h">
      <Filter>Header Files\rom</Filter>
    </ClInclude>
    <ClInclude Include="include\jmon\color.h">
      <Filter>Header Files</Filter>
    </ClInclude>
    <ClInclude Include="include\jmon\export.h">
      <Filter>Header Files</Filter>
    </ClInclude>
    <ClInclude Include="include\jmon\extern.h">
      <Filter>Header Files</Filter>
    </ClInclude>
    <ClInclude Include="include\jmon\jmon.h">
      <Filter>Header Files</Filter>
    </ClInclude>
    <ClInclude Include="include\jmon\render.h">
      <Filter>Header Files</Filter>
    </ClInclude>
    <ClInclude Include="include\jmon\types.h">
      <Filter>Header Files</Filter>
    </ClInclude>
    <ClInclude Include="include\jmon\rom\sprite.h">
      <Filter>Header Files\rom</Filter>
    </ClInclude>
    <ClInclude Include="include\jmon\sprite.h">
      <Filter>Header Files</Filter>
    </ClInclude>
    <ClInclude Include="include\jmon\rom\string.h">
      <Filter>Header Files\rom</Filter>
    </ClInclude>
    <ClInclude Include="include\jmon\save.h">
      <Filter>Header Files</Filter>
    </ClInclude>
    <ClInclude Include="include\jmon\input.h">
      <Filter>Header Files</Filter>
    </ClInclude>
    <ClInclude Include="include\jmon\audio.h">
      <Filter>Header Files</Filter>
    </ClInclude>
    <ClInclude Include="include\jmon\rom\audio.h">
      <Filter>Header Files\rom</Filter>
    </ClInclude>
  </ItemGroup>
  <ItemGroup>
    <ClCompile Include="src\jmon\rom\color.c">
      <Filter>Source Files\rom</Filter>
    </ClCompile>
    <ClCompile Include="src\jmon\color.c">
      <Filter>Source Files</Filter>
    </ClCompile>
    <ClCompile Include="src\jmon\main.c">
      <Filter>Source Files</Filter>
    </ClCompile>
    <ClCompile Include="src\jmon\render.c">
      <Filter>Source Files</Filter>
    </ClCompile>
    <ClCompile Include="src\jmon\rom\sprite.c">
      <Filter>Source Files\rom</Filter>
    </ClCompile>
    <ClCompile Include="src\jmon\sprite.c">
      <Filter>Source Files</Filter>
    </ClCompile>
    <ClCompile Include="src\jmon\rom\string.c">
      <Filter>Source Files\rom</Filter>
    </ClCompile>
    <ClCompile Include="src\jmon\save.c">
      <Filter>Source Files</Filter>
    </ClCompile>
    <ClCompile Include="src\jmon\input.c">
      <Filter>Source Files</Filter>
    </ClCompile>
    <ClCompile Include="src\jmon\rom\audio.c">
      <Filter>Source Files\rom</Filter>
    </ClCompile>
    <ClCompile Include="src\jmon\audio.c">
      <Filter>Source Files</Filter>
    </ClCompile>
  </ItemGroup>
</Project>